
Microsoft Visual Studio Solution File, Format Version 12.00
# Visual Studio Version 17
VisualStudioVersion = 17.2.32630.192
MinimumVisualStudioVersion = 10.0.40219.1
Project("{FAE04EC0-301F-11D3-BF4B-00C04F79EFBC}") = "tarea2", "tarea2.csproj", "{45206BCE-2DFB-4751-96BA-A9293DAC192B}"
EndProject
Global
	GlobalSection(SolutionConfigurationPlatforms) = preSolution
		Debug|Any CPU = Debug|Any CPU
		Release|Any CPU = Release|Any CPU
	EndGlobalSection
	GlobalSection(ProjectConfigurationPlatforms) = postSolution
		{45206BCE-2DFB-4751-96BA-A9293DAC192B}.Debug|Any CPU.ActiveCfg = Debug|Any CPU
		{45206BCE-2DFB-4751-96BA-A9293DAC192B}.Debug|Any CPU.Build.0 = Debug|Any CPU
		{45206BCE-2DFB-4751-96BA-A9293DAC192B}.Release|Any CPU.ActiveCfg = Release|Any CPU
		{45206BCE-2DFB-4751-96BA-A9293DAC192B}.Release|Any CPU.Build.0 = Release|Any CPU
	EndGlobalSection
	GlobalSection(SolutionProperties) = preSolution
		HideSolutionNode = FALSE
	EndGlobalSection
	GlobalSection(ExtensibilityGlobals) = postSolution
		SolutionGuid = {FA4DE2B3-46D0-434E-BE8C-70BE32E3F9A9}
	EndGlobalSection
EndGlobal
